
Microsoft Visual Studio Solution File, Format Version 12.00
# Visual Studio Version 17
VisualStudioVersion = 17.8.34511.84
MinimumVisualStudioVersion = 10.0.40219.1
Project("{FAE04EC0-301F-11D3-BF4B-00C04F79EFBC}") = "WebCam.App", "WebCam.App\WebCam.App.csproj", "{450056C8-ADE9-4DF5-B3BA-298A849C4098}"
EndProject
Global
	GlobalSection(SolutionConfigurationPlatforms) = preSolution
		Debug|Any CPU = Debug|Any CPU
		Release|Any CPU = Release|Any CPU
	EndGlobalSection
	GlobalSection(ProjectConfigurationPlatforms) = postSolution
		{450056C8-ADE9-4DF5-B3BA-298A849C4098}.Debug|Any CPU.ActiveCfg = Debug|Any CPU
		{450056C8-ADE9-4DF5-B3BA-298A849C4098}.Debug|Any CPU.Build.0 = Debug|Any CPU
		{450056C8-ADE9-4DF5-B3BA-298A849C4098}.Release|Any CPU.ActiveCfg = Release|Any CPU
		{450056C8-ADE9-4DF5-B3BA-298A849C4098}.Release|Any CPU.Build.0 = Release|Any CPU
	EndGlobalSection
	GlobalSection(SolutionProperties) = preSolution
		HideSolutionNode = FALSE
	EndGlobalSection
	GlobalSection(ExtensibilityGlobals) = postSolution
		SolutionGuid = {B179B8A8-BC58-49A5-8BF8-03276C5E1C25}
	EndGlobalSection
EndGlobal
